// !$*UTF8*$!
{
	archiveVersion = 1;
	classes = {
	};
	objectVersion = 56;
	objects = {

/* Begin PBXBuildFile section */
		7BE8E5E82BFE4E7600B2E25B /* Deneme4App.swift in Sources */ = {isa = PBXBuildFile; fileRef = 7BE8E5E72BFE4E7600B2E25B /* Deneme4App.swift */; };
		7BE8E5EA2BFE4E7600B2E25B /* ContentView.swift in Sources */ = {isa = PBXBuildFile; fileRef = 7BE8E5E92BFE4E7600B2E25B /* ContentView.swift */; };
		7BE8E5EC2BFE4E7800B2E25B /* Assets.xcassets in Resources */ = {isa = PBXBuildFile; fileRef = 7BE8E5EB2BFE4E7800B2E25B /* Assets.xcassets */; };
		7BE8E5EF2BFE4E7800B2E25B /* Preview Assets.xcassets in Resources */ = {isa = PBXBuildFile; fileRef = 7BE8E5EE2BFE4E7800B2E25B /* Preview Assets.xcassets */; };
		7BE8E5F92BFE4E7800B2E25B /* Deneme4Tests.swift in Sources */ = {isa = PBXBuildFile; fileRef = 7BE8E5F82BFE4E7800B2E25B /* Deneme4Tests.swift */; };
		7BE8E6032BFE4E7800B2E25B /* Deneme4UITests.swift in Sources */ = {isa = PBXBuildFile; fileRef = 7BE8E6022BFE4E7800B2E25B /* Deneme4UITests.swift */; };
		7BE8E6052BFE4E7800B2E25B /* Deneme4UITestsLaunchTests.swift in Sources */ = {isa = PBXBuildFile; fileRef = 7BE8E6042BFE4E7800B2E25B /* Deneme4UITestsLaunchTests.swift */; };
/* End PBXBuildFile section */

/* Begin PBXContainerItemProxy section */
		7BE8E5F52BFE4E7800B2E25B /* PBXContainerItemProxy */ = {
			isa = PBXContainerItemProxy;
			containerPortal = 7BE8E5DC2BFE4E7600B2E25B /* Project object */;
			proxyType = 1;
			remoteGlobalIDString = 7BE8E5E32BFE4E7600B2E25B;
			remoteInfo = Deneme4;
		};
		7BE8E5FF2BFE4E7800B2E25B /* PBXContainerItemProxy */ = {
			isa = PBXContainerItemProxy;
			containerPortal = 7BE8E5DC2BFE4E7600B2E25B /* Project object */;
			proxyType = 1;
			remoteGlobalIDString = 7BE8E5E32BFE4E7600B2E25B;
			remoteInfo = Deneme4;
		};
/* End PBXContainerItemProxy section */

/* Begin PBXFileReference section */
		7BE8E5E42BFE4E7600B2E25B /* Deneme4.app */ = {isa = PBXFileReference; explicitFileType = wrapper.application; includeInIndex = 0; path = Deneme4.app; sourceTree = BUILT_PRODUCTS_DIR; };
		7BE8E5E72BFE4E7600B2E25B /* Deneme4App.swift */ = {isa = PBXFileReference; lastKnownFileType = sourcecode.swift; path = Deneme4App.swift; sourceTree = "<group>"; };
		7BE8E5E92BFE4E7600B2E25B /* ContentView.swift */ = {isa = PBXFileReference; lastKnownFileType = sourcecode.swift; path = ContentView.swift; sourceTree = "<group>"; };
		7BE8E5EB2BFE4E7800B2E25B /* Assets.xcassets */ = {isa = PBXFileReference; lastKnownFileType = folder.assetcatalog; path = Assets.xcassets; sourceTree = "<group>"; };
		7BE8E5EE2BFE4E7800B2E25B /* Preview Assets.xcassets */ = {isa = PBXFileReference; lastKnownFileType = folder.assetcatalog; path = "Preview Assets.xcassets"; sourceTree = "<group>"; };
		7BE8E5F42BFE4E7800B2E25B /* Deneme4Tests.xctest */ = {isa = PBXFileReference; explicitFileType = wrapper.cfbundle; includeInIndex = 0; path = Deneme4Tests.xctest; sourceTree = BUILT_PRODUCTS_DIR; };
		7BE8E5F82BFE4E7800B2E25B /* Deneme4Tests.swift */ = {isa = PBXFileReference; lastKnownFileType = sourcecode.swift; path = Deneme4Tests.swift; sourceTree = "<group>"; };
		7BE8E5FE2BFE4E7800B2E25B /* Deneme4UITests.xctest */ = {isa = PBXFileReference; explicitFileType = wrapper.cfbundle; includeInIndex = 0; path = Deneme4UITests.xctest; sourceTree = BUILT_PRODUCTS_DIR; };
		7BE8E6022BFE4E7800B2E25B /* Deneme4UITests.swift */ = {isa = PBXFileReference; lastKnownFileType = sourcecode.swift; path = Deneme4UITests.swift; sourceTree = "<group>"; };
		7BE8E6042BFE4E7800B2E25B /* Deneme4UITestsLaunchTests.swift */ = {isa = PBXFileReference; lastKnownFileType = sourcecode.swift; path = Deneme4UITestsLaunchTests.swift; sourceTree = "<group>"; };
/* End PBXFileReference section */

/* Begin PBXFrameworksBuildPhase section */
		7BE8E5E12BFE4E7600B2E25B /* Frameworks */ = {
			isa = PBXFrameworksBuildPhase;
			buildActionMask = 2147483647;
			files = (
			);
			runOnlyForDeploymentPostprocessing = 0;
		};
		7BE8E5F12BFE4E7800B2E25B /* Frameworks */ = {
			isa = PBXFrameworksBuildPhase;
			buildActionMask = 2147483647;
			files = (
			);
			runOnlyForDeploymentPostprocessing = 0;
		};
		7BE8E5FB2BFE4E7800B2E25B /* Frameworks */ = {
			isa = PBXFrameworksBuildPhase;
			buildActionMask = 2147483647;
			files = (
			);
			runOnlyForDeploymentPostprocessing = 0;
		};
/* End PBXFrameworksBuildPhase section */

/* Begin PBXGroup section */
		7BE8E5DB2BFE4E7600B2E25B = {
			isa = PBXGroup;
			children = (
				7BE8E5E62BFE4E7600B2E25B /* Deneme4 */,
				7BE8E5F72BFE4E7800B2E25B /* Deneme4Tests */,
				7BE8E6012BFE4E7800B2E25B /* Deneme4UITests */,
				7BE8E5E52BFE4E7600B2E25B /* Products */,
			);
			sourceTree = "<group>";
		};
		7BE8E5E52BFE4E7600B2E25B /* Products */ = {
			isa = PBXGroup;
			children = (
				7BE8E5E42BFE4E7600B2E25B /* Deneme4.app */,
				7BE8E5F42BFE4E7800B2E25B /* Deneme4Tests.xctest */,
				7BE8E5FE2BFE4E7800B2E25B /* Deneme4UITests.xctest */,
			);
			name = Products;
			sourceTree = "<group>";
		};
		7BE8E5E62BFE4E7600B2E25B /* Deneme4 */ = {
			isa = PBXGroup;
			children = (
				7BE8E5E72BFE4E7600B2E25B /* Deneme4App.swift */,
				7BE8E5E92BFE4E7600B2E25B /* ContentView.swift */,
				7BE8E5EB2BFE4E7800B2E25B /* Assets.xcassets */,
				7BE8E5ED2BFE4E7800B2E25B /* Preview Content */,
			);
			path = Deneme4;
			sourceTree = "<group>";
		};
		7BE8E5ED2BFE4E7800B2E25B /* Preview Content */ = {
			isa = PBXGroup;
			children = (
				7BE8E5EE2BFE4E7800B2E25B /* Preview Assets.xcassets */,
			);
			path = "Preview Content";
			sourceTree = "<group>";
		};
		7BE8E5F72BFE4E7800B2E25B /* Deneme4Tests */ = {
			isa = PBXGroup;
			children = (
				7BE8E5F82BFE4E7800B2E25B /* Deneme4Tests.swift */,
			);
			path = Deneme4Tests;
			sourceTree = "<group>";
		};
		7BE8E6012BFE4E7800B2E25B /* Deneme4UITests */ = {
			isa = PBXGroup;
			children = (
				7BE8E6022BFE4E7800B2E25B /* Deneme4UITests.swift */,
				7BE8E6042BFE4E7800B2E25B /* Deneme4UITestsLaunchTests.swift */,
			);
			path = Deneme4UITests;
			sourceTree = "<group>";
		};
/* End PBXGroup section */

/* Begin PBXNativeTarget section */
		7BE8E5E32BFE4E7600B2E25B /* Deneme4 */ = {
			isa = PBXNativeTarget;
			buildConfigurationList = 7BE8E6082BFE4E7800B2E25B /* Build configuration list for PBXNativeTarget "Deneme4" */;
			buildPhases = (
				7BE8E5E02BFE4E7600B2E25B /* Sources */,
				7BE8E5E12BFE4E7600B2E25B /* Frameworks */,
				7BE8E5E22BFE4E7600B2E25B /* Resources */,
			);
			buildRules = (
			);
			dependencies = (
			);
			name = Deneme4;
			productName = Deneme4;
			productReference = 7BE8E5E42BFE4E7600B2E25B /* Deneme4.app */;
			productType = "com.apple.product-type.application";
		};
		7BE8E5F32BFE4E7800B2E25B /* Deneme4Tests */ = {
			isa = PBXNativeTarget;
			buildConfigurationList = 7BE8E60B2BFE4E7800B2E25B /* Build configuration list for PBXNativeTarget "Deneme4Tests" */;
			buildPhases = (
				7BE8E5F02BFE4E7800B2E25B /* Sources */,
				7BE8E5F12BFE4E7800B2E25B /* Frameworks */,
				7BE8E5F22BFE4E7800B2E25B /* Resources */,
			);
			buildRules = (
			);
			dependencies = (
				7BE8E5F62BFE4E7800B2E25B /* PBXTargetDependency */,
			);
			name = Deneme4Tests;
			productName = Deneme4Tests;
			productReference = 7BE8E5F42BFE4E7800B2E25B /* Deneme4Tests.xctest */;
			productType = "com.apple.product-type.bundle.unit-test";
		};
		7BE8E5FD2BFE4E7800B2E25B /* Deneme4UITests */ = {
			isa = PBXNativeTarget;
			buildConfigurationList = 7BE8E60E2BFE4E7800B2E25B /* Build configuration list for PBXNativeTarget "Deneme4UITests" */;
			buildPhases = (
				7BE8E5FA2BFE4E7800B2E25B /* Sources */,
				7BE8E5FB2BFE4E7800B2E25B /* Frameworks */,
				7BE8E5FC2BFE4E7800B2E25B /* Resources */,
			);
			buildRules = (
			);
			dependencies = (
				7BE8E6002BFE4E7800B2E25B /* PBXTargetDependency */,
			);
			name = Deneme4UITests;
			productName = Deneme4UITests;
			productReference = 7BE8E5FE2BFE4E7800B2E25B /* Deneme4UITests.xctest */;
			productType = "com.apple.product-type.bundle.ui-testing";
		};
/* End PBXNativeTarget section */

/* Begin PBXProject section */
		7BE8E5DC2BFE4E7600B2E25B /* Project object */ = {
			isa = PBXProject;
			attributes = {
				BuildIndependentTargetsInParallel = 1;
				LastSwiftUpdateCheck = 1540;
				LastUpgradeCheck = 1540;
				TargetAttributes = {
					7BE8E5E32BFE4E7600B2E25B = {
						CreatedOnToolsVersion = 15.4;
					};
					7BE8E5F32BFE4E7800B2E25B = {
						CreatedOnToolsVersion = 15.4;
						TestTargetID = 7BE8E5E32BFE4E7600B2E25B;
					};
					7BE8E5FD2BFE4E7800B2E25B = {
						CreatedOnToolsVersion = 15.4;
						TestTargetID = 7BE8E5E32BFE4E7600B2E25B;
					};
				};
			};
			buildConfigurationList = 7BE8E5DF2BFE4E7600B2E25B /* Build configuration list for PBXProject "Deneme4" */;
			compatibilityVersion = "Xcode 14.0";
			developmentRegion = en;
			hasScannedForEncodings = 0;
			knownRegions = (
				en,
				Base,
			);
			mainGroup = 7BE8E5DB2BFE4E7600B2E25B;
			productRefGroup = 7BE8E5E52BFE4E7600B2E25B /* Products */;
			projectDirPath = "";
			projectRoot = "";
			targets = (
				7BE8E5E32BFE4E7600B2E25B /* Deneme4 */,
				7BE8E5F32BFE4E7800B2E25B /* Deneme4Tests */,
				7BE8E5FD2BFE4E7800B2E25B /* Deneme4UITests */,
			);
		};
/* End PBXProject section */

/* Begin PBXResourcesBuildPhase section */
		7BE8E5E22BFE4E7600B2E25B /* Resources */ = {
			isa = PBXResourcesBuildPhase;
			buildActionMask = 2147483647;
			files = (
				7BE8E5EF2BFE4E7800B2E25B /* Preview Assets.xcassets in Resources */,
				7BE8E5EC2BFE4E7800B2E25B /* Assets.xcassets in Resources */,
			);
			runOnlyForDeploymentPostprocessing = 0;
		};
		7BE8E5F22BFE4E7800B2E25B /* Resources */ = {
			isa = PBXResourcesBuildPhase;
			buildActionMask = 2147483647;
			files = (
			);
			runOnlyForDeploymentPostprocessing = 0;
		};
		7BE8E5FC2BFE4E7800B2E25B /* Resources */ = {
			isa = PBXResourcesBuildPhase;
			buildActionMask = 2147483647;
			files = (
			);
			runOnlyForDeploymentPostprocessing = 0;
		};
/* End PBXResourcesBuildPhase section */

/* Begin PBXSourcesBuildPhase section */
		7BE8E5E02BFE4E7600B2E25B /* Sources */ = {
			isa = PBXSourcesBuildPhase;
			buildActionMask = 2147483647;
			files = (
				7BE8E5EA2BFE4E7600B2E25B /* ContentView.swift in Sources */,
				7BE8E5E82BFE4E7600B2E25B /* Deneme4App.swift in Sources */,
			);
			runOnlyForDeploymentPostprocessing = 0;
		};
		7BE8E5F02BFE4E7800B2E25B /* Sources */ = {
			isa = PBXSourcesBuildPhase;
			buildActionMask = 2147483647;
			files = (
				7BE8E5F92BFE4E7800B2E25B /* Deneme4Tests.swift in Sources */,
			);
			runOnlyForDeploymentPostprocessing = 0;
		};
		7BE8E5FA2BFE4E7800B2E25B /* Sources */ = {
			isa = PBXSourcesBuildPhase;
			buildActionMask = 2147483647;
			files = (
				7BE8E6032BFE4E7800B2E25B /* Deneme4UITests.swift in Sources */,
				7BE8E6052BFE4E7800B2E25B /* Deneme4UITestsLaunchTests.swift in Sources */,
			);
			runOnlyForDeploymentPostprocessing = 0;
		};
/* End PBXSourcesBuildPhase section */

/* Begin PBXTargetDependency section */
		7BE8E5F62BFE4E7800B2E25B /* PBXTargetDependency */ = {
			isa = PBXTargetDependency;
			target = 7BE8E5E32BFE4E7600B2E25B /* Deneme4 */;
			targetProxy = 7BE8E5F52BFE4E7800B2E25B /* PBXContainerItemProxy */;
		};
		7BE8E6002BFE4E7800B2E25B /* PBXTargetDependency */ = {
			isa = PBXTargetDependency;
			target = 7BE8E5E32BFE4E7600B2E25B /* Deneme4 */;
			targetProxy = 7BE8E5FF2BFE4E7800B2E25B /* PBXContainerItemProxy */;
		};
/* End PBXTargetDependency section */

/* Begin XCBuildConfiguration section */
		7BE8E6062BFE4E7800B2E25B /* Debug */ = {
			isa = XCBuildConfiguration;
			buildSettings = {
				ALWAYS_SEARCH_USER_PATHS = NO;
				ASSETCATALOG_COMPILER_GENERATE_SWIFT_ASSET_SYMBOL_EXTENSIONS = YES;
				CLANG_ANALYZER_NONNULL = YES;
				CLANG_ANALYZER_NUMBER_OBJECT_CONVERSION = YES_AGGRESSIVE;
				CLANG_CXX_LANGUAGE_STANDARD = "gnu++20";
				CLANG_ENABLE_MODULES = YES;
				CLANG_ENABLE_OBJC_ARC = YES;
				CLANG_ENABLE_OBJC_WEAK = YES;
				CLANG_WARN_BLOCK_CAPTURE_AUTORELEASING = YES;
				CLANG_WARN_BOOL_CONVERSION = YES;
				CLANG_WARN_COMMA = YES;
				CLANG_WARN_CONSTANT_CONVERSION = YES;
				CLANG_WARN_DEPRECATED_OBJC_IMPLEMENTATIONS = YES;
				CLANG_WARN_DIRECT_OBJC_ISA_USAGE = YES_ERROR;
				CLANG_WARN_DOCUMENTATION_COMMENTS = YES;
				CLANG_WARN_EMPTY_BODY = YES;
				CLANG_WARN_ENUM_CONVERSION = YES;
				CLANG_WARN_INFINITE_RECURSION = YES;
				CLANG_WARN_INT_CONVERSION = YES;
				CLANG_WARN_NON_LITERAL_NULL_CONVERSION = YES;
				CLANG_WARN_OBJC_IMPLICIT_RETAIN_SELF = YES;
				CLANG_WARN_OBJC_LITERAL_CONVERSION = YES;
				CLANG_WARN_OBJC_ROOT_CLASS = YES_ERROR;
				CLANG_WARN_QUOTED_INCLUDE_IN_FRAMEWORK_HEADER = YES;
				CLANG_WARN_RANGE_LOOP_ANALYSIS = YES;
				CLANG_WARN_STRICT_PROTOTYPES = YES;
				CLANG_WARN_SUSPICIOUS_MOVE = YES;
				CLANG_WARN_UNGUARDED_AVAILABILITY = YES_AGGRESSIVE;
				CLANG_WARN_UNREACHABLE_CODE = YES;
				CLANG_WARN__DUPLICATE_METHOD_MATCH = YES;
				COPY_PHASE_STRIP = NO;
				DEBUG_INFORMATION_FORMAT = dwarf;
				ENABLE_STRICT_OBJC_MSGSEND = YES;
				ENABLE_TESTABILITY = YES;
				ENABLE_USER_SCRIPT_SANDBOXING = YES;
				GCC_C_LANGUAGE_STANDARD = gnu17;
				GCC_DYNAMIC_NO_PIC = NO;
				GCC_NO_COMMON_BLOCKS = YES;
				GCC_OPTIMIZATION_LEVEL = 0;
				GCC_PREPROCESSOR_DEFINITIONS = (
					"DEBUG=1",
					"$(inherited)",
				);
				GCC_WARN_64_TO_32_BIT_CONVERSION = YES;
				GCC_WARN_ABOUT_RETURN_TYPE = YES_ERROR;
				GCC_WARN_UNDECLARED_SELECTOR = YES;
				GCC_WARN_UNINITIALIZED_AUTOS = YES_AGGRESSIVE;
				GCC_WARN_UNUSED_FUNCTION = YES;
				GCC_WARN_UNUSED_VARIABLE = YES;
				IPHONEOS_DEPLOYMENT_TARGET = 17.5;
				LOCALIZATION_PREFERS_STRING_CATALOGS = YES;
				MTL_ENABLE_DEBUG_INFO = INCLUDE_SOURCE;
				MTL_FAST_MATH = YES;
				ONLY_ACTIVE_ARCH = YES;
				SDKROOT = iphoneos;
				SWIFT_ACTIVE_COMPILATION_CONDITIONS = "DEBUG $(inherited)";
				SWIFT_OPTIMIZATION_LEVEL = "-Onone";
			};
			name = Debug;
		};
		7BE8E6072BFE4E7800B2E25B /* Release */ = {
			isa = XCBuildConfiguration;
			buildSettings = {
				ALWAYS_SEARCH_USER_PATHS = NO;
				ASSETCATALOG_COMPILER_GENERATE_SWIFT_ASSET_SYMBOL_EXTENSIONS = YES;
				CLANG_ANALYZER_NONNULL = YES;
				CLANG_ANALYZER_NUMBER_OBJECT_CONVERSION = YES_AGGRESSIVE;
				CLANG_CXX_LANGUAGE_STANDARD = "gnu++20";
				CLANG_ENABLE_MODULES = YES;
				CLANG_ENABLE_OBJC_ARC = YES;
				CLANG_ENABLE_OBJC_WEAK = YES;
				CLANG_WARN_BLOCK_CAPTURE_AUTORELEASING = YES;
				CLANG_WARN_BOOL_CONVERSION = YES;
				CLANG_WARN_COMMA = YES;
				CLANG_WARN_CONSTANT_CONVERSION = YES;
				CLANG_WARN_DEPRECATED_OBJC_IMPLEMENTATIONS = YES;
				CLANG_WARN_DIRECT_OBJC_ISA_USAGE = YES_ERROR;
				CLANG_WARN_DOCUMENTATION_COMMENTS = YES;
				CLANG_WARN_EMPTY_BODY = YES;
				CLANG_WARN_ENUM_CONVERSION = YES;
				CLANG_WARN_INFINITE_RECURSION = YES;
				CLANG_WARN_INT_CONVERSION = YES;
				CLANG_WARN_NON_LITERAL_NULL_CONVERSION = YES;
				CLANG_WARN_OBJC_IMPLICIT_RETAIN_SELF = YES;
				CLANG_WARN_OBJC_LITERAL_CONVERSION = YES;
				CLANG_WARN_OBJC_ROOT_CLASS = YES_ERROR;
				CLANG_WARN_QUOTED_INCLUDE_IN_FRAMEWORK_HEADER = YES;
				CLANG_WARN_RANGE_LOOP_ANALYSIS = YES;
				CLANG_WARN_STRICT_PROTOTYPES = YES;
				CLANG_WARN_SUSPICIOUS_MOVE = YES;
				CLANG_WARN_UNGUARDED_AVAILABILITY = YES_AGGRESSIVE;
				CLANG_WARN_UNREACHABLE_CODE = YES;
				CLANG_WARN__DUPLICATE_METHOD_MATCH = YES;
				COPY_PHASE_STRIP = NO;
				DEBUG_INFORMATION_FORMAT = "dwarf-with-dsym";
				ENABLE_NS_ASSERTIONS = NO;
				ENABLE_STRICT_OBJC_MSGSEND = YES;
				ENABLE_USER_SCRIPT_SANDBOXING = YES;
				GCC_C_LANGUAGE_STANDARD = gnu17;
				GCC_NO_COMMON_BLOCKS = YES;
				GCC_WARN_64_TO_32_BIT_CONVERSION = YES;
				GCC_WARN_ABOUT_RETURN_TYPE = YES_ERROR;
				GCC_WARN_UNDECLARED_SELECTOR = YES;
				GCC_WARN_UNINITIALIZED_AUTOS = YES_AGGRESSIVE;
				GCC_WARN_UNUSED_FUNCTION = YES;
				GCC_WARN_UNUSED_VARIABLE = YES;
				IPHONEOS_DEPLOYMENT_TARGET = 17.5;
				LOCALIZATION_PREFERS_STRING_CATALOGS = YES;
				MTL_ENABLE_DEBUG_INFO = NO;
				MTL_FAST_MATH = YES;
				SDKROOT = iphoneos;
				SWIFT_COMPILATION_MODE = wholemodule;
				VALIDATE_PRODUCT = YES;
			};
			name = Release;
		};
		7BE8E6092BFE4E7800B2E25B /* Debug */ = {
			isa = XCBuildConfiguration;
			buildSettings = {
				ASSETCATALOG_COMPILER_APPICON_NAME = AppIcon;
				ASSETCATALOG_COMPILER_GLOBAL_ACCENT_COLOR_NAME = AccentColor;
				CODE_SIGN_STYLE = Automatic;
				CURRENT_PROJECT_VERSION = 1;
				DEVELOPMENT_ASSET_PATHS = "\"Deneme4/Preview Content\"";
				DEVELOPMENT_TEAM = R856AKRHUX;
				ENABLE_PREVIEWS = YES;
				GENERATE_INFOPLIST_FILE = YES;
				INFOPLIST_KEY_UIApplicationSceneManifest_Generation = YES;
				INFOPLIST_KEY_UIApplicationSupportsIndirectInputEvents = YES;
				INFOPLIST_KEY_UILaunchScreen_Generation = YES;
				INFOPLIST_KEY_UISupportedInterfaceOrientations_iPad = "UIInterfaceOrientationPortrait UIInterfaceOrientationPortraitUpsideDown UIInterfaceOrientationLandscapeLeft UIInterfaceOrientationLandscapeRight";
				INFOPLIST_KEY_UISupportedInterfaceOrientations_iPhone = "UIInterfaceOrientationPortrait UIInterfaceOrientationLandscapeLeft UIInterfaceOrientationLandscapeRight";
				LD_RUNPATH_SEARCH_PATHS = (
					"$(inherited)",
					"@executable_path/Frameworks",
				);
				MARKETING_VERSION = 1.0;
				PRODUCT_BUNDLE_IDENTIFIER = com.unal.eren.Deneme4;
				PRODUCT_NAME = "$(TARGET_NAME)";
				SWIFT_EMIT_LOC_STRINGS = YES;
				SWIFT_VERSION = 5.0;
				TARGETED_DEVICE_FAMILY = "1,2";
			};
			name = Debug;
		};
		7BE8E60A2BFE4E7800B2E25B /* Release */ = {
			isa = XCBuildConfiguration;
			buildSettings = {
				ASSETCATALOG_COMPILER_APPICON_NAME = AppIcon;
				ASSETCATALOG_COMPILER_GLOBAL_ACCENT_COLOR_NAME = AccentColor;
				CODE_SIGN_STYLE = Automatic;
				CURRENT_PROJECT_VERSION = 1;
				DEVELOPMENT_ASSET_PATHS = "\"Deneme4/Preview Content\"";
				DEVELOPMENT_TEAM = R856AKRHUX;
				ENABLE_PREVIEWS = YES;
				GENERATE_INFOPLIST_FILE = YES;
				INFOPLIST_KEY_UIApplicationSceneManifest_Generation = YES;
				INFOPLIST_KEY_UIApplicationSupportsIndirectInputEvents = YES;
				INFOPLIST_KEY_UILaunchScreen_Generation = YES;
				INFOPLIST_KEY_UISupportedInterfaceOrientations_iPad = "UIInterfaceOrientationPortrait UIInterfaceOrientationPortraitUpsideDown UIInterfaceOrientationLandscapeLeft UIInterfaceOrientationLandscapeRight";
				INFOPLIST_KEY_UISupportedInterfaceOrientations_iPhone = "UIInterfaceOrientationPortrait UIInterfaceOrientationLandscapeLeft UIInterfaceOrientationLandscapeRight";
				LD_RUNPATH_SEARCH_PATHS = (
					"$(inherited)",
					"@executable_path/Frameworks",
				);
				MARKETING_VERSION = 1.0;
				PRODUCT_BUNDLE_IDENTIFIER = com.unal.eren.Deneme4;
				PRODUCT_NAME = "$(TARGET_NAME)";
				SWIFT_EMIT_LOC_STRINGS = YES;
				SWIFT_VERSION = 5.0;
				TARGETED_DEVICE_FAMILY = "1,2";
			};
			name = Release;
		};
		7BE8E60C2BFE4E7800B2E25B /* Debug */ = {
			isa = XCBuildConfiguration;
			buildSettings = {
				ALWAYS_EMBED_SWIFT_STANDARD_LIBRARIES = YES;
				BUNDLE_LOADER = "$(TEST_HOST)";
				CODE_SIGN_STYLE = Automatic;
				CURRENT_PROJECT_VERSION = 1;
				DEVELOPMENT_TEAM = R856AKRHUX;
				GENERATE_INFOPLIST_FILE = YES;
				IPHONEOS_DEPLOYMENT_TARGET = 17.5;
				MARKETING_VERSION = 1.0;
				PRODUCT_BUNDLE_IDENTIFIER = com.unal.eren.Deneme4Tests;
				PRODUCT_NAME = "$(TARGET_NAME)";
				SWIFT_EMIT_LOC_STRINGS = NO;
				SWIFT_VERSION = 5.0;
				TARGETED_DEVICE_FAMILY = "1,2";
				TEST_HOST = "$(BUILT_PRODUCTS_DIR)/Deneme4.app/$(BUNDLE_EXECUTABLE_FOLDER_PATH)/Deneme4";
			};
			name = Debug;
		};
		7BE8E60D2BFE4E7800B2E25B /* Release */ = {
			isa = XCBuildConfiguration;
			buildSettings = {
				ALWAYS_EMBED_SWIFT_STANDARD_LIBRARIES = YES;
				BUNDLE_LOADER = "$(TEST_HOST)";
				CODE_SIGN_STYLE = Automatic;
				CURRENT_PROJECT_VERSION = 1;
				DEVELOPMENT_TEAM = R856AKRHUX;
				GENERATE_INFOPLIST_FILE = YES;
				IPHONEOS_DEPLOYMENT_TARGET = 17.5;
				MARKETING_VERSION = 1.0;
				PRODUCT_BUNDLE_IDENTIFIER = com.unal.eren.Deneme4Tests;
				PRODUCT_NAME = "$(TARGET_NAME)";
				SWIFT_EMIT_LOC_STRINGS = NO;
				SWIFT_VERSION = 5.0;
				TARGETED_DEVICE_FAMILY = "1,2";
				TEST_HOST = "$(BUILT_PRODUCTS_DIR)/Deneme4.app/$(BUNDLE_EXECUTABLE_FOLDER_PATH)/Deneme4";
			};
			name = Release;
		};
		7BE8E60F2BFE4E7800B2E25B /* Debug */ = {
			isa = XCBuildConfiguration;
			buildSettings = {
				ALWAYS_EMBED_SWIFT_STANDARD_LIBRARIES = YES;
				CODE_SIGN_STYLE = Automatic;
				CURRENT_PROJECT_VERSION = 1;
				DEVELOPMENT_TEAM = R856AKRHUX;
				GENERATE_INFOPLIST_FILE = YES;
				MARKETING_VERSION = 1.0;
				PRODUCT_BUNDLE_IDENTIFIER = com.unal.eren.Deneme4UITests;
				PRODUCT_NAME = "$(TARGET_NAME)";
				SWIFT_EMIT_LOC_STRINGS = NO;
				SWIFT_VERSION = 5.0;
				TARGETED_DEVICE_FAMILY = "1,2";
				TEST_TARGET_NAME = Deneme4;
			};
			name = Debug;
		};
		7BE8E6102BFE4E7800B2E25B /* Release */ = {
			isa = XCBuildConfiguration;
			buildSettings = {
				ALWAYS_EMBED_SWIFT_STANDARD_LIBRARIES = YES;
				CODE_SIGN_STYLE = Automatic;
				CURRENT_PROJECT_VERSION = 1;
				DEVELOPMENT_TEAM = R856AKRHUX;
				GENERATE_INFOPLIST_FILE = YES;
				MARKETING_VERSION = 1.0;
				PRODUCT_BUNDLE_IDENTIFIER = com.unal.eren.Deneme4UITests;
				PRODUCT_NAME = "$(TARGET_NAME)";
				SWIFT_EMIT_LOC_STRINGS = NO;
				SWIFT_VERSION = 5.0;
				TARGETED_DEVICE_FAMILY = "1,2";
				TEST_TARGET_NAME = Deneme4;
			};
			name = Release;
		};
/* End XCBuildConfiguration section */

/* Begin XCConfigurationList section */
		7BE8E5DF2BFE4E7600B2E25B /* Build configuration list for PBXProject "Deneme4" */ = {
			isa = XCConfigurationList;
			buildConfigurations = (
				7BE8E6062BFE4E7800B2E25B /* Debug */,
				7BE8E6072BFE4E7800B2E25B /* Release */,
			);
			defaultConfigurationIsVisible = 0;
			defaultConfigurationName = Release;
		};
		7BE8E6082BFE4E7800B2E25B /* Build configuration list for PBXNativeTarget "Deneme4" */ = {
			isa = XCConfigurationList;
			buildConfigurations = (
				7BE8E6092BFE4E7800B2E25B /* Debug */,
				7BE8E60A2BFE4E7800B2E25B /* Release */,
			);
			defaultConfigurationIsVisible = 0;
			defaultConfigurationName = Release;
		};
		7BE8E60B2BFE4E7800B2E25B /* Build configuration list for PBXNativeTarget "Deneme4Tests" */ = {
			isa = XCConfigurationList;
			buildConfigurations = (
				7BE8E60C2BFE4E7800B2E25B /* Debug */,
				7BE8E60D2BFE4E7800B2E25B /* Release */,
			);
			defaultConfigurationIsVisible = 0;
			defaultConfigurationName = Release;
		};
		7BE8E60E2BFE4E7800B2E25B /* Build configuration list for PBXNativeTarget "Deneme4UITests" */ = {
			isa = XCConfigurationList;
			buildConfigurations = (
				7BE8E60F2BFE4E7800B2E25B /* Debug */,
				7BE8E6102BFE4E7800B2E25B /* Release */,
			);
			defaultConfigurationIsVisible = 0;
			defaultConfigurationName = Release;
		};
/* End XCConfigurationList section */
	};
	rootObject = 7BE8E5DC2BFE4E7600B2E25B /* Project object */;
}
